
Microsoft Visual Studio Solution File, Format Version 12.00
# Visual Studio Version 17
VisualStudioVersion = 17.13.35825.156 d17.13
MinimumVisualStudioVersion = 10.0.40219.1
Project("{FAE04EC0-301F-11D3-BF4B-00C04F79EFBC}") = "Online_Job_Management_System_Kamao", "Online_Job_Management_System_Kamao\Online_Job_Management_System_Kamao.csproj", "{2D13DD87-836A-4755-89C4-BDD8C1729AED}"
EndProject
Global
	GlobalSection(SolutionConfigurationPlatforms) = preSolution
		Debug|Any CPU = Debug|Any CPU
		Release|Any CPU = Release|Any CPU
	EndGlobalSection
	GlobalSection(ProjectConfigurationPlatforms) = postSolution
		{2D13DD87-836A-4755-89C4-BDD8C1729AED}.Debug|Any CPU.ActiveCfg = Debug|Any CPU
		{2D13DD87-836A-4755-89C4-BDD8C1729AED}.Debug|Any CPU.Build.0 = Debug|Any CPU
		{2D13DD87-836A-4755-89C4-BDD8C1729AED}.Release|Any CPU.ActiveCfg = Release|Any CPU
		{2D13DD87-836A-4755-89C4-BDD8C1729AED}.Release|Any CPU.Build.0 = Release|Any CPU
	EndGlobalSection
	GlobalSection(SolutionProperties) = preSolution
		HideSolutionNode = FALSE
	EndGlobalSection
	GlobalSection(ExtensibilityGlobals) = postSolution
		SolutionGuid = {763323FA-ABCB-4BD7-8883-7AD2C65587E5}
	EndGlobalSection
EndGlobal
